# THIS IS AN AUTOGENERATED FILE. DO NOT EDIT THIS FILE DIRECTLY.
# yarn lockfile v1


eslint-plugin-react-hooks@5.0.0:
  version "5.0.0"
  resolved "https://registry.yarnpkg.com/eslint-plugin-react-hooks/-/eslint-plugin-react-hooks-5.0.0.tgz#72e2eefbac4b694f5324154619fee44f5f60f101"
  integrity sha512-hIOwI+5hYGpJEc4uPRmz2ulCjAGD/N13Lukkh8cLV0i2IRk/bdZDYjgLVHj+U9Z704kLIdIO6iueGvxNur0sgw==

eslint-plugin-react-refresh@0.4.16:
  version "0.4.16"
  resolved "https://registry.yarnpkg.com/eslint-plugin-react-refresh/-/eslint-plugin-react-refresh-0.4.16.tgz#149dbc9279bd16942409f1c1d2f0dce3299430ef"
  integrity sha512-slterMlxAhov/DZO8NScf6mEeMBBXodFUolijDvrtTxyezyLoTQaa73FyYus/VbTdftd8wBgBxPMRk3poleXNQ==
